<Solution>
  <Folder Name="/Tests/">
    <Project Path="Tests/MiniHittegodsApi.Test/MiniHittegodsApi.Test.csproj" />
    <Project Path="Tests/MiniHittegodsCore.Test/MiniHittegodsCore.Test.csproj" />
  </Folder>
  <Project Path="MiniHittegodsApi/MiniHittegodsApi.csproj" />
  <Project Path="MiniHittegodsCore/MiniHittegodsCore.csproj" />
</Solution>
